
Microsoft Visual Studio Solution File, Format Version 12.00
# Visual Studio Version 17
VisualStudioVersion = 17.9.34622.214
MinimumVisualStudioVersion = 10.0.40219.1
Project("{FAE04EC0-301F-11D3-BF4B-00C04F79EFBC}") = "ApiEmployee", "ApiEmployee\ApiEmployee.csproj", "{BD7B3B1F-FB3E-4294-B162-AA9294CE5EF2}"
EndProject
Global
	GlobalSection(SolutionConfigurationPlatforms) = preSolution
		Debug|Any CPU = Debug|Any CPU
		Release|Any CPU = Release|Any CPU
	EndGlobalSection
	GlobalSection(ProjectConfigurationPlatforms) = postSolution
		{BD7B3B1F-FB3E-4294-B162-AA9294CE5EF2}.Debug|Any CPU.ActiveCfg = Debug|Any CPU
		{BD7B3B1F-FB3E-4294-B162-AA9294CE5EF2}.Debug|Any CPU.Build.0 = Debug|Any CPU
		{BD7B3B1F-FB3E-4294-B162-AA9294CE5EF2}.Release|Any CPU.ActiveCfg = Release|Any CPU
		{BD7B3B1F-FB3E-4294-B162-AA9294CE5EF2}.Release|Any CPU.Build.0 = Release|Any CPU
	EndGlobalSection
	GlobalSection(SolutionProperties) = preSolution
		HideSolutionNode = FALSE
	EndGlobalSection
	GlobalSection(ExtensibilityGlobals) = postSolution
		SolutionGuid = {5254088E-5F4A-4E83-96AF-8893EB048DC6}
	EndGlobalSection
EndGlobal
